{
  "name": "email-ts",
  "version": "1.0.0",
  "lockfileVersion": 3,
  "requires": true,
  "packages": {
    "": {
      "name": "email-ts",
      "version": "1.0.0",
      "license": "ISC",
      "dependencies": {
        "mail-listener-typescript": "^1.0.18"
      }
    },
    "node_modules/@selderee/plugin-htmlparser2": {
      "version": "0.10.0",
      "resolved": "https://registry.npmjs.org/@selderee/plugin-htmlparser2/-/plugin-htmlparser2-0.10.0.tgz",
      "integrity": "sha512-gW69MEamZ4wk1OsOq1nG1jcyhXIQcnrsX5JwixVw/9xaiav8TCyjESAruu1Rz9yyInhgBXxkNwMeygKnN2uxNA==",
      "dependencies": {
        "domhandler": "^5.0.3",
        "selderee": "^0.10.0"
      },
      "funding": {
        "url": "https://ko-fi.com/killymxi"
      }
    },
    "node_modules/async": {
      "version": "3.2.4",
      "resolved": "https://registry.npmjs.org/async/-/async-3.2.4.tgz",
      "integrity": "sha512-iAB+JbDEGXhyIUavoDl9WP/Jj106Kz9DEn1DPgYw5ruDn0e3Wgi3sKFm55sASdGBNOQB8F59d9qQ7deqrHA8wQ=="
    },
    "node_modules/core-util-is": {
      "version": "1.0.3",
      "resolved": "https://registry.npmjs.org/core-util-is/-/core-util-is-1.0.3.tgz",
      "integrity": "sha512-ZQBvi1DcpJ4GDqanjucZ2Hj3wEO5pZDS89BWbkcrvdxksJorwUDDZamX9ldFkp9aw2lmBDLgkObEA4DWNJ9FYQ=="
    },
    "node_modules/deepmerge": {
      "version": "4.2.2",
      "resolved": "https://registry.npmjs.org/deepmerge/-/deepmerge-4.2.2.tgz",
      "integrity": "sha512-FJ3UgI4gIl+PHZm53knsuSFpE+nESMr7M4v9QcgB7S63Kj/6WqMiFQJpBBYz1Pt+66bZpP3Q7Lye0Oo9MPKEdg==",
      "engines": {
        "node": ">=0.10.0"
      }
    },
    "node_modules/dom-serializer": {
      "version": "2.0.0",
      "resolved": "https://registry.npmjs.org/dom-serializer/-/dom-serializer-2.0.0.tgz",
      "integrity": "sha512-wIkAryiqt/nV5EQKqQpo3SToSOV9J0DnbJqwK7Wv/Trc92zIAYZ4FlMu+JPFW1DfGFt81ZTCGgDEabffXeLyJg==",
      "dependencies": {
        "domelementtype": "^2.3.0",
        "domhandler": "^5.0.2",
        "entities": "^4.2.0"
      },
      "funding": {
        "url": "https://github.com/cheeriojs/dom-serializer?sponsor=1"
      }
    },
    "node_modules/domelementtype": {
      "version": "2.3.0",
      "resolved": "https://registry.npmjs.org/domelementtype/-/domelementtype-2.3.0.tgz",
      "integrity": "sha512-OLETBj6w0OsagBwdXnPdN0cnMfF9opN69co+7ZrbfPGrdpPVNBUj02spi6B1N7wChLQiPn4CSH/zJvXw56gmHw==",
      "funding": [
        {
          "type": "github",
          "url": "https://github.com/sponsors/fb55"
        }
      ]
    },
    "node_modules/domhandler": {
      "version": "5.0.3",
      "resolved": "https://registry.npmjs.org/domhandler/-/domhandler-5.0.3.tgz",
      "integrity": "sha512-cgwlv/1iFQiFnU96XXgROh8xTeetsnJiDsTc7TYCLFd9+/WNkIqPTxiM/8pSd8VIrhXGTf1Ny1q1hquVqDJB5w==",
      "dependencies": {
        "domelementtype": "^2.3.0"
      },
      "engines": {
        "node": ">= 4"
      },
      "funding": {
        "url": "https://github.com/fb55/domhandler?sponsor=1"
      }
    },
    "node_modules/domutils": {
      "version": "3.0.1",
      "resolved": "https://registry.npmjs.org/domutils/-/domutils-3.0.1.tgz",
      "integrity": "sha512-z08c1l761iKhDFtfXO04C7kTdPBLi41zwOZl00WS8b5eiaebNpY00HKbztwBq+e3vyqWNwWF3mP9YLUeqIrF+Q==",
      "dependencies": {
        "dom-serializer": "^2.0.0",
        "domelementtype": "^2.3.0",
        "domhandler": "^5.0.1"
      },
      "funding": {
        "url": "https://github.com/fb55/domutils?sponsor=1"
      }
    },
    "node_modules/encoding-japanese": {
      "version": "2.0.0",
      "resolved": "https://registry.npmjs.org/encoding-japanese/-/encoding-japanese-2.0.0.tgz",
      "integrity": "sha512-++P0RhebUC8MJAwJOsT93dT+5oc5oPImp1HubZpAuCZ5kTLnhuuBhKHj2jJeO/Gj93idPBWmIuQ9QWMe5rX3pQ==",
      "engines": {
        "node": ">=8.10.0"
      }
    },
    "node_modules/entities": {
      "version": "4.4.0",
      "resolved": "https://registry.npmjs.org/entities/-/entities-4.4.0.tgz",
      "integrity": "sha512-oYp7156SP8LkeGD0GF85ad1X9Ai79WtRsZ2gxJqtBuzH+98YUV6jkHEKlZkMbcrjJjIVJNIDP/3WL9wQkoPbWA==",
      "engines": {
        "node": ">=0.12"
      },
      "funding": {
        "url": "https://github.com/fb55/entities?sponsor=1"
      }
    },
    "node_modules/he": {
      "version": "1.2.0",
      "resolved": "https://registry.npmjs.org/he/-/he-1.2.0.tgz",
      "integrity": "sha512-F/1DnUGPopORZi0ni+CvrCgHQ5FyEAHRLSApuYWMmrbSwoN2Mn/7k+Gl38gJnR7yyDZk6WLXwiGod1JOWNDKGw==",
      "bin": {
        "he": "bin/he"
      }
    },
    "node_modules/html-to-text": {
      "version": "9.0.2",
      "resolved": "https://registry.npmjs.org/html-to-text/-/html-to-text-9.0.2.tgz",
      "integrity": "sha512-0NEkqSZKldWhefawNp73Yyky3pIUFh+y15EUqBXrQorsg/Pw1EtxpeS7ZQLhhaPxXvs4K2LatlJf63rmKcTbDw==",
      "dependencies": {
        "@selderee/plugin-htmlparser2": "^0.10.0",
        "deepmerge": "^4.2.2",
        "htmlparser2": "^8.0.1",
        "selderee": "^0.10.0"
      },
      "engines": {
        "node": ">=14"
      }
    },
    "node_modules/htmlparser2": {
      "version": "8.0.1",
      "resolved": "https://registry.npmjs.org/htmlparser2/-/htmlparser2-8.0.1.tgz",
      "integrity": "sha512-4lVbmc1diZC7GUJQtRQ5yBAeUCL1exyMwmForWkRLnwyzWBFxN633SALPMGYaWZvKe9j1pRZJpauvmxENSp/EA==",
      "funding": [
        "https://github.com/fb55/htmlparser2?sponsor=1",
        {
          "type": "github",
          "url": "https://github.com/sponsors/fb55"
        }
      ],
      "dependencies": {
        "domelementtype": "^2.3.0",
        "domhandler": "^5.0.2",
        "domutils": "^3.0.1",
        "entities": "^4.3.0"
      }
    },
    "node_modules/iconv-lite": {
      "version": "0.6.3",
      "resolved": "https://registry.npmjs.org/iconv-lite/-/iconv-lite-0.6.3.tgz",
      "integrity": "sha512-4fCk79wshMdzMp2rH06qWrJE4iolqLhCUH+OiuIgU++RB0+94NlDL81atO7GX55uUKueo0txHNtvEyI6D7WdMw==",
      "dependencies": {
        "safer-buffer": ">= 2.1.2 < 3.0.0"
      },
      "engines": {
        "node": ">=0.10.0"
      }
    },
    "node_modules/imap": {
      "version": "0.8.19",
      "resolved": "https://registry.npmjs.org/imap/-/imap-0.8.19.tgz",
      "integrity": "sha512-z5DxEA1uRnZG73UcPA4ES5NSCGnPuuouUx43OPX7KZx1yzq3N8/vx2mtXEShT5inxB3pRgnfG1hijfu7XN2YMw==",
      "dependencies": {
        "readable-stream": "1.1.x",
        "utf7": ">=1.0.2"
      },
      "engines": {
        "node": ">=0.8.0"
      }
    },
    "node_modules/inherits": {
      "version": "2.0.4",
      "resolved": "https://registry.npmjs.org/inherits/-/inherits-2.0.4.tgz",
      "integrity": "sha512-k/vGaX4/Yla3WzyMCvTQOXYeIHvqOKtnqBduzTHpzpQZzAskKMhZ2K+EnBiSM9zGSoIFeMpXKxa4dYeZIQqewQ=="
    },
    "node_modules/isarray": {
      "version": "0.0.1",
      "resolved": "https://registry.npmjs.org/isarray/-/isarray-0.0.1.tgz",
      "integrity": "sha512-D2S+3GLxWH+uhrNEcoh/fnmYeP8E8/zHl644d/jdA0g2uyXvy3sb0qxotE+ne0LtccHknQzWwZEzhak7oJ0COQ=="
    },
    "node_modules/leac": {
      "version": "0.6.0",
      "resolved": "https://registry.npmjs.org/leac/-/leac-0.6.0.tgz",
      "integrity": "sha512-y+SqErxb8h7nE/fiEX07jsbuhrpO9lL8eca7/Y1nuWV2moNlXhyd59iDGcRf6moVyDMbmTNzL40SUyrFU/yDpg==",
      "funding": {
        "url": "https://ko-fi.com/killymxi"
      }
    },
    "node_modules/libbase64": {
      "version": "1.2.1",
      "resolved": "https://registry.npmjs.org/libbase64/-/libbase64-1.2.1.tgz",
      "integrity": "sha512-l+nePcPbIG1fNlqMzrh68MLkX/gTxk/+vdvAb388Ssi7UuUN31MI44w4Yf33mM3Cm4xDfw48mdf3rkdHszLNew=="
    },
    "node_modules/libmime": {
      "version": "5.2.0",
      "resolved": "https://registry.npmjs.org/libmime/-/libmime-5.2.0.tgz",
      "integrity": "sha512-X2U5Wx0YmK0rXFbk67ASMeqYIkZ6E5vY7pNWRKtnNzqjvdYYG8xtPDpCnuUEnPU9vlgNev+JoSrcaKSUaNvfsw==",
      "dependencies": {
        "encoding-japanese": "2.0.0",
        "iconv-lite": "0.6.3",
        "libbase64": "1.2.1",
        "libqp": "2.0.1"
      }
    },
    "node_modules/libqp": {
      "version": "2.0.1",
      "resolved": "https://registry.npmjs.org/libqp/-/libqp-2.0.1.tgz",
      "integrity": "sha512-Ka0eC5LkF3IPNQHJmYBWljJsw0UvM6j+QdKRbWyCdTmYwvIDE6a7bCm0UkTAL/K+3KXK5qXT/ClcInU01OpdLg=="
    },
    "node_modules/linkify-it": {
      "version": "4.0.1",
      "resolved": "https://registry.npmjs.org/linkify-it/-/linkify-it-4.0.1.tgz",
      "integrity": "sha512-C7bfi1UZmoj8+PQx22XyeXCuBlokoyWQL5pWSP+EI6nzRylyThouddufc2c1NDIcP9k5agmN9fLpA7VNJfIiqw==",
      "dependencies": {
        "uc.micro": "^1.0.1"
      }
    },
    "node_modules/mail-listener-typescript": {
      "version": "1.0.18",
      "resolved": "https://registry.npmjs.org/mail-listener-typescript/-/mail-listener-typescript-1.0.18.tgz",
      "integrity": "sha512-tA1oyADkFseLcYByBMfC8sxu4nMFeAV+8toyiiWyBt+gtCAYM6/3mxBZ+2r7ymfgH0dtdsHorkK8B2tIywBrrg==",
      "dependencies": {
        "async": "^3.2.1",
        "imap": "^0.8.19",
        "mailparser": "^3.3.0"
      }
    },
    "node_modules/mailparser": {
      "version": "3.6.2",
      "resolved": "https://registry.npmjs.org/mailparser/-/mailparser-3.6.2.tgz",
      "integrity": "sha512-f9YLwzxFgst+bjNOE448PiCBG26SOFTY+6sZ6mzTIDwmh7srSS8NhLMYP8IhivdKu+YzNgxC9oYYk5GY9PDcsA==",
      "dependencies": {
        "encoding-japanese": "2.0.0",
        "he": "1.2.0",
        "html-to-text": "9.0.2",
        "iconv-lite": "0.6.3",
        "libmime": "5.2.0",
        "linkify-it": "4.0.1",
        "mailsplit": "5.4.0",
        "nodemailer": "6.8.0",
        "tlds": "1.235.0"
      }
    },
    "node_modules/mailsplit": {
      "version": "5.4.0",
      "resolved": "https://registry.npmjs.org/mailsplit/-/mailsplit-5.4.0.tgz",
      "integrity": "sha512-wnYxX5D5qymGIPYLwnp6h8n1+6P6vz/MJn5AzGjZ8pwICWssL+CCQjWBIToOVHASmATot4ktvlLo6CyLfOXWYA==",
      "dependencies": {
        "libbase64": "1.2.1",
        "libmime": "5.2.0",
        "libqp": "2.0.1"
      }
    },
    "node_modules/nodemailer": {
      "version": "6.8.0",
      "resolved": "https://registry.npmjs.org/nodemailer/-/nodemailer-6.8.0.tgz",
      "integrity": "sha512-EjYvSmHzekz6VNkNd12aUqAco+bOkRe3Of5jVhltqKhEsjw/y0PYPJfp83+s9Wzh1dspYAkUW/YNQ350NATbSQ==",
      "engines": {
        "node": ">=6.0.0"
      }
    },
    "node_modules/parseley": {
      "version": "0.11.0",
      "resolved": "https://registry.npmjs.org/parseley/-/parseley-0.11.0.tgz",
      "integrity": "sha512-VfcwXlBWgTF+unPcr7yu3HSSA6QUdDaDnrHcytVfj5Z8azAyKBDrYnSIfeSxlrEayndNcLmrXzg+Vxbo6DWRXQ==",
      "dependencies": {
        "leac": "^0.6.0",
        "peberminta": "^0.8.0"
      },
      "funding": {
        "url": "https://ko-fi.com/killymxi"
      }
    },
    "node_modules/peberminta": {
      "version": "0.8.0",
      "resolved": "https://registry.npmjs.org/peberminta/-/peberminta-0.8.0.tgz",
      "integrity": "sha512-YYEs+eauIjDH5nUEGi18EohWE0nV2QbGTqmxQcqgZ/0g+laPCQmuIqq7EBLVi9uim9zMgfJv0QBZEnQ3uHw/Tw==",
      "funding": {
        "url": "https://ko-fi.com/killymxi"
      }
    },
    "node_modules/readable-stream": {
      "version": "1.1.14",
      "resolved": "https://registry.npmjs.org/readable-stream/-/readable-stream-1.1.14.tgz",
      "integrity": "sha512-+MeVjFf4L44XUkhM1eYbD8fyEsxcV81pqMSR5gblfcLCHfZvbrqy4/qYHE+/R5HoBUT11WV5O08Cr1n3YXkWVQ==",
      "dependencies": {
        "core-util-is": "~1.0.0",
        "inherits": "~2.0.1",
        "isarray": "0.0.1",
        "string_decoder": "~0.10.x"
      }
    },
    "node_modules/safer-buffer": {
      "version": "2.1.2",
      "resolved": "https://registry.npmjs.org/safer-buffer/-/safer-buffer-2.1.2.tgz",
      "integrity": "sha512-YZo3K82SD7Riyi0E1EQPojLz7kpepnSQI9IyPbHHg1XXXevb5dJI7tpyN2ADxGcQbHG7vcyRHk0cbwqcQriUtg=="
    },
    "node_modules/selderee": {
      "version": "0.10.0",
      "resolved": "https://registry.npmjs.org/selderee/-/selderee-0.10.0.tgz",
      "integrity": "sha512-DEL/RW/f4qLw/NrVg97xKaEBC8IpzIG2fvxnzCp3Z4yk4jQ3MXom+Imav9wApjxX2dfS3eW7x0DXafJr85i39A==",
      "dependencies": {
        "parseley": "^0.11.0"
      },
      "funding": {
        "url": "https://ko-fi.com/killymxi"
      }
    },
    "node_modules/semver": {
      "version": "5.3.0",
      "resolved": "https://registry.npmjs.org/semver/-/semver-5.3.0.tgz",
      "integrity": "sha512-mfmm3/H9+67MCVix1h+IXTpDwL6710LyHuk7+cWC9T1mE0qz4iHhh6r4hU2wrIT9iTsAAC2XQRvfblL028cpLw==",
      "bin": {
        "semver": "bin/semver"
      }
    },
    "node_modules/string_decoder": {
      "version": "0.10.31",
      "resolved": "https://registry.npmjs.org/string_decoder/-/string_decoder-0.10.31.tgz",
      "integrity": "sha512-ev2QzSzWPYmy9GuqfIVildA4OdcGLeFZQrq5ys6RtiuF+RQQiZWr8TZNyAcuVXyQRYfEO+MsoB/1BuQVhOJuoQ=="
    },
    "node_modules/tlds": {
      "version": "1.235.0",
      "resolved": "https://registry.npmjs.org/tlds/-/tlds-1.235.0.tgz",
      "integrity": "sha512-YOZmbHZzB4xmhd09PQ3xIB9fypeEP+AzTiHHn+1uyo2xNzmnCZySIkrHs4qkUKvB3FOXBnHlUOgUON3DZKPQUA==",
      "bin": {
        "tlds": "bin.js"
      }
    },
    "node_modules/uc.micro": {
      "version": "1.0.6",
      "resolved": "https://registry.npmjs.org/uc.micro/-/uc.micro-1.0.6.tgz",
      "integrity": "sha512-8Y75pvTYkLJW2hWQHXxoqRgV7qb9B+9vFEtidML+7koHUFapnVJAZ6cKs+Qjz5Aw3aZWHMC6u0wJE3At+nSGwA=="
    },
    "node_modules/utf7": {
      "version": "1.0.2",
      "resolved": "https://registry.npmjs.org/utf7/-/utf7-1.0.2.tgz",
      "integrity": "sha512-qQrPtYLLLl12NF4DrM9CvfkxkYI97xOb5dsnGZHE3teFr0tWiEZ9UdgMPczv24vl708cYMpe6mGXGHrotIp3Bw==",
      "dependencies": {
        "semver": "~5.3.0"
      }
    }
  }
}
